
Microsoft Visual Studio Solution File, Format Version 12.00
# Visual Studio for Mac
Project("{FAE04EC0-301F-11D3-BF4B-00C04F79EFBC}") = "Assembly-CSharp", "Assembly-CSharp.csproj", "{497A75E8-1A22-F22B-F4D2-2A8A058E10DC}"
EndProject
Global
	GlobalSection(SolutionConfigurationPlatforms) = preSolution
		Debug|Any CPU = Debug|Any CPU
		Release|Any CPU = Release|Any CPU
	EndGlobalSection
	GlobalSection(ProjectConfigurationPlatforms) = postSolution
		{497A75E8-1A22-F22B-F4D2-2A8A058E10DC}.Debug|Any CPU.ActiveCfg = Debug|Any CPU
		{497A75E8-1A22-F22B-F4D2-2A8A058E10DC}.Debug|Any CPU.Build.0 = Debug|Any CPU
		{497A75E8-1A22-F22B-F4D2-2A8A058E10DC}.Release|Any CPU.ActiveCfg = Release|Any CPU
		{497A75E8-1A22-F22B-F4D2-2A8A058E10DC}.Release|Any CPU.Build.0 = Release|Any CPU
	EndGlobalSection
	GlobalSection(SolutionProperties) = preSolution
		HideSolutionNode = FALSE
	EndGlobalSection
	GlobalSection(MonoDevelopProperties) = preSolution
		StartupItem = Assembly-CSharp.csproj
	EndGlobalSection
EndGlobal
